
Microsoft Visual Studio Solution File, Format Version 12.00
# Visual Studio Version 17
VisualStudioVersion = 17.6.33723.286
MinimumVisualStudioVersion = 10.0.40219.1
Project("{FAE04EC0-301F-11D3-BF4B-00C04F79EFBC}") = "RandomTool", "RandomTool.csproj", "{72D17596-30C0-4EA3-A5B0-0297F0479C72}"
EndProject
Global
	GlobalSection(SolutionConfigurationPlatforms) = preSolution
		Debug|Any CPU = Debug|Any CPU
		Release|Any CPU = Release|Any CPU
	EndGlobalSection
	GlobalSection(ProjectConfigurationPlatforms) = postSolution
		{72D17596-30C0-4EA3-A5B0-0297F0479C72}.Debug|Any CPU.ActiveCfg = Debug|Any CPU
		{72D17596-30C0-4EA3-A5B0-0297F0479C72}.Debug|Any CPU.Build.0 = Debug|Any CPU
		{72D17596-30C0-4EA3-A5B0-0297F0479C72}.Release|Any CPU.ActiveCfg = Release|Any CPU
		{72D17596-30C0-4EA3-A5B0-0297F0479C72}.Release|Any CPU.Build.0 = Release|Any CPU
	EndGlobalSection
	GlobalSection(SolutionProperties) = preSolution
		HideSolutionNode = FALSE
	EndGlobalSection
	GlobalSection(ExtensibilityGlobals) = postSolution
		SolutionGuid = {FD25323C-FF28-43F7-8FD0-9C12388E65EB}
	EndGlobalSection
EndGlobal
